
Microsoft Visual Studio Solution File, Format Version 12.00
# Visual Studio 15
VisualStudioVersion = 15.0.27004.2010
MinimumVisualStudioVersion = 10.0.40219.1
Project("{8BC9CEB8-8B4A-11D0-8D11-00A0C91BC942}") = "ShellCode", "ShellCode\ShellCode.vcxproj", "{4F741A7C-B21D-4A2B-A81A-6C94C59BB99A}"
EndProject
Global
	GlobalSection(SolutionConfigurationPlatforms) = preSolution
		Debug|x64 = Debug|x64
		Debug|x86 = Debug|x86
		Release|x64 = Release|x64
		Release|x86 = Release|x86
	EndGlobalSection
	GlobalSection(ProjectConfigurationPlatforms) = postSolution
		{4F741A7C-B21D-4A2B-A81A-6C94C59BB99A}.Debug|x64.ActiveCfg = Debug|x64
		{4F741A7C-B21D-4A2B-A81A-6C94C59BB99A}.Debug|x64.Build.0 = Debug|x64
		{4F741A7C-B21D-4A2B-A81A-6C94C59BB99A}.Debug|x86.ActiveCfg = Debug|Win32
		{4F741A7C-B21D-4A2B-A81A-6C94C59BB99A}.Debug|x86.Build.0 = Debug|Win32
		{4F741A7C-B21D-4A2B-A81A-6C94C59BB99A}.Release|x64.ActiveCfg = Release|x64
		{4F741A7C-B21D-4A2B-A81A-6C94C59BB99A}.Release|x64.Build.0 = Release|x64
		{4F741A7C-B21D-4A2B-A81A-6C94C59BB99A}.Release|x86.ActiveCfg = Release|Win32
		{4F741A7C-B21D-4A2B-A81A-6C94C59BB99A}.Release|x86.Build.0 = Release|Win32
	EndGlobalSection
	GlobalSection(SolutionProperties) = preSolution
		HideSolutionNode = FALSE
	EndGlobalSection
	GlobalSection(ExtensibilityGlobals) = postSolution
		SolutionGuid = {CF0B7602-47B4-42D5-8A44-391F56E96AEC}
	EndGlobalSection
EndGlobal
